
Microsoft Visual Studio Solution File, Format Version 12.00
# Visual Studio Version 17
VisualStudioVersion = 17.11.35222.181
MinimumVisualStudioVersion = 10.0.40219.1
Project("{9A19103F-16F7-4668-BE54-9A1E7A4F7556}") = "Spreadsheet_Emily_Porter", "Spreadsheet_Emily_Porter.csproj", "{D3E74B1E-BCFF-4FF5-83DE-0867FA4D18BC}"
EndProject
Project("{FAE04EC0-301F-11D3-BF4B-00C04F79EFBC}") = "SpreadsheetEngine", "..\SpreadsheetEngine\SpreadsheetEngine.csproj", "{73085722-7AF6-486B-AFFA-B5130EBB7433}"
EndProject
Project("{9A19103F-16F7-4668-BE54-9A1E7A4F7556}") = "SpreadsheetTests", "..\SpreadsheetTests\SpreadsheetTests.csproj", "{2FA499AF-48E6-4A64-A9C6-8944D172B009}"
EndProject
Project("{FAE04EC0-301F-11D3-BF4B-00C04F79EFBC}") = "ExpressionTreeConsoleApp", "..\ExpressionTreeConsoleApp\ExpressionTreeConsoleApp.csproj", "{AA3F1EEE-B88D-4F92-ACC5-1AEBA7F35C18}"
EndProject
Global
	GlobalSection(SolutionConfigurationPlatforms) = preSolution
		Debug|Any CPU = Debug|Any CPU
		Release|Any CPU = Release|Any CPU
	EndGlobalSection
	GlobalSection(ProjectConfigurationPlatforms) = postSolution
		{D3E74B1E-BCFF-4FF5-83DE-0867FA4D18BC}.Debug|Any CPU.ActiveCfg = Debug|Any CPU
		{D3E74B1E-BCFF-4FF5-83DE-0867FA4D18BC}.Debug|Any CPU.Build.0 = Debug|Any CPU
		{D3E74B1E-BCFF-4FF5-83DE-0867FA4D18BC}.Release|Any CPU.ActiveCfg = Release|Any CPU
		{D3E74B1E-BCFF-4FF5-83DE-0867FA4D18BC}.Release|Any CPU.Build.0 = Release|Any CPU
		{73085722-7AF6-486B-AFFA-B5130EBB7433}.Debug|Any CPU.ActiveCfg = Debug|Any CPU
		{73085722-7AF6-486B-AFFA-B5130EBB7433}.Debug|Any CPU.Build.0 = Debug|Any CPU
		{73085722-7AF6-486B-AFFA-B5130EBB7433}.Release|Any CPU.ActiveCfg = Release|Any CPU
		{73085722-7AF6-486B-AFFA-B5130EBB7433}.Release|Any CPU.Build.0 = Release|Any CPU
		{2FA499AF-48E6-4A64-A9C6-8944D172B009}.Debug|Any CPU.ActiveCfg = Debug|Any CPU
		{2FA499AF-48E6-4A64-A9C6-8944D172B009}.Debug|Any CPU.Build.0 = Debug|Any CPU
		{2FA499AF-48E6-4A64-A9C6-8944D172B009}.Release|Any CPU.ActiveCfg = Release|Any CPU
		{2FA499AF-48E6-4A64-A9C6-8944D172B009}.Release|Any CPU.Build.0 = Release|Any CPU
		{AA3F1EEE-B88D-4F92-ACC5-1AEBA7F35C18}.Debug|Any CPU.ActiveCfg = Debug|Any CPU
		{AA3F1EEE-B88D-4F92-ACC5-1AEBA7F35C18}.Debug|Any CPU.Build.0 = Debug|Any CPU
		{AA3F1EEE-B88D-4F92-ACC5-1AEBA7F35C18}.Release|Any CPU.ActiveCfg = Release|Any CPU
		{AA3F1EEE-B88D-4F92-ACC5-1AEBA7F35C18}.Release|Any CPU.Build.0 = Release|Any CPU
	EndGlobalSection
	GlobalSection(SolutionProperties) = preSolution
		HideSolutionNode = FALSE
	EndGlobalSection
	GlobalSection(ExtensibilityGlobals) = postSolution
		SolutionGuid = {3B3A2F48-0A56-46E3-9975-5374EBCE5279}
	EndGlobalSection
EndGlobal
