
Microsoft Visual Studio Solution File, Format Version 12.00
# Visual Studio Version 17
VisualStudioVersion = 17.11.35222.181
MinimumVisualStudioVersion = 10.0.40219.1
Project("{FAE04EC0-301F-11D3-BF4B-00C04F79EFBC}") = "Spreadsheet_Emily_Porter", "Spreadsheet_Emily_Porter.csproj", "{D3E74B1E-BCFF-4FF5-83DE-0867FA4D18BC}"
EndProject
Global
	GlobalSection(SolutionConfigurationPlatforms) = preSolution
		Debug|Any CPU = Debug|Any CPU
		Release|Any CPU = Release|Any CPU
	EndGlobalSection
	GlobalSection(ProjectConfigurationPlatforms) = postSolution
		{D3E74B1E-BCFF-4FF5-83DE-0867FA4D18BC}.Debug|Any CPU.ActiveCfg = Debug|Any CPU
		{D3E74B1E-BCFF-4FF5-83DE-0867FA4D18BC}.Debug|Any CPU.Build.0 = Debug|Any CPU
		{D3E74B1E-BCFF-4FF5-83DE-0867FA4D18BC}.Release|Any CPU.ActiveCfg = Release|Any CPU
		{D3E74B1E-BCFF-4FF5-83DE-0867FA4D18BC}.Release|Any CPU.Build.0 = Release|Any CPU
	EndGlobalSection
	GlobalSection(SolutionProperties) = preSolution
		HideSolutionNode = FALSE
	EndGlobalSection
	GlobalSection(ExtensibilityGlobals) = postSolution
		SolutionGuid = {3B3A2F48-0A56-46E3-9975-5374EBCE5279}
	EndGlobalSection
EndGlobal
